
Microsoft Visual Studio Solution File, Format Version 12.00
# Visual Studio Version 17
VisualStudioVersion = 17.3.32901.215
MinimumVisualStudioVersion = 10.0.40219.1
Project("{FAE04EC0-301F-11D3-BF4B-00C04F79EFBC}") = "kutuphaneyonetimsistemi", "kutuphaneyonetimsistemi\kutuphaneyonetimsistemi.csproj", "{204C7F7D-9982-4084-9566-52EC972BA230}"
EndProject
Global
	GlobalSection(SolutionConfigurationPlatforms) = preSolution
		Debug|Any CPU = Debug|Any CPU
		Release|Any CPU = Release|Any CPU
	EndGlobalSection
	GlobalSection(ProjectConfigurationPlatforms) = postSolution
		{204C7F7D-9982-4084-9566-52EC972BA230}.Debug|Any CPU.ActiveCfg = Debug|Any CPU
		{204C7F7D-9982-4084-9566-52EC972BA230}.Debug|Any CPU.Build.0 = Debug|Any CPU
		{204C7F7D-9982-4084-9566-52EC972BA230}.Release|Any CPU.ActiveCfg = Release|Any CPU
		{204C7F7D-9982-4084-9566-52EC972BA230}.Release|Any CPU.Build.0 = Release|Any CPU
	EndGlobalSection
	GlobalSection(SolutionProperties) = preSolution
		HideSolutionNode = FALSE
	EndGlobalSection
	GlobalSection(ExtensibilityGlobals) = postSolution
		SolutionGuid = {1844EDFD-DF06-434B-AC1F-D82A51D1DB86}
	EndGlobalSection
EndGlobal
